
Microsoft Visual Studio Solution File, Format Version 12.00
# Visual Studio 14
VisualStudioVersion = 14.0.25420.1
MinimumVisualStudioVersion = 10.0.40219.1
Project("{2150E333-8FDC-42A3-9474-1A3956D46DE8}") = "src", "src", "{EB2A6E13-37DE-4E91-A4F1-ABFA30994E11}"
EndProject
Project("{2150E333-8FDC-42A3-9474-1A3956D46DE8}") = "Solution Items", "Solution Items", "{01567FEC-A022-47D8-955A-E8305260BA5A}"
	ProjectSection(SolutionItems) = preProject
		global.json = global.json
	EndProjectSection
EndProject
Project("{8BB2217D-0F2D-49D1-97BC-3654ED321F3B}") = "Ljc.WebApi", "src\Ljc.WebApi\Ljc.WebApi.xproj", "{31353222-73F3-4CAA-96AA-41085A47E9A3}"
EndProject
Project("{FAE04EC0-301F-11D3-BF4B-00C04F79EFBC}") = "Ljc.DesktopApp", "Ljc.DesktopApp\Ljc.DesktopApp.csproj", "{EC18AFD2-B40A-4407-A51B-40D5FAF58A7C}"
EndProject
Project("{FAE04EC0-301F-11D3-BF4B-00C04F79EFBC}") = "Ljc.Schedule", "Ljc.Schedule\Ljc.Schedule.csproj", "{FACE3E42-45B9-475A-AC76-9E73D7FD8CEE}"
EndProject
Project("{FAE04EC0-301F-11D3-BF4B-00C04F79EFBC}") = "Ljc.Common", "Ljc.Common\Ljc.Common.csproj", "{3EC11920-211D-4F93-9276-E1287FF9AABA}"
EndProject
Global
	GlobalSection(SolutionConfigurationPlatforms) = preSolution
		Debug|Any CPU = Debug|Any CPU
		Release|Any CPU = Release|Any CPU
	EndGlobalSection
	GlobalSection(ProjectConfigurationPlatforms) = postSolution
		{31353222-73F3-4CAA-96AA-41085A47E9A3}.Debug|Any CPU.ActiveCfg = Debug|Any CPU
		{31353222-73F3-4CAA-96AA-41085A47E9A3}.Debug|Any CPU.Build.0 = Debug|Any CPU
		{31353222-73F3-4CAA-96AA-41085A47E9A3}.Release|Any CPU.ActiveCfg = Release|Any CPU
		{31353222-73F3-4CAA-96AA-41085A47E9A3}.Release|Any CPU.Build.0 = Release|Any CPU
		{EC18AFD2-B40A-4407-A51B-40D5FAF58A7C}.Debug|Any CPU.ActiveCfg = Debug|Any CPU
		{EC18AFD2-B40A-4407-A51B-40D5FAF58A7C}.Debug|Any CPU.Build.0 = Debug|Any CPU
		{EC18AFD2-B40A-4407-A51B-40D5FAF58A7C}.Release|Any CPU.ActiveCfg = Release|Any CPU
		{EC18AFD2-B40A-4407-A51B-40D5FAF58A7C}.Release|Any CPU.Build.0 = Release|Any CPU
		{FACE3E42-45B9-475A-AC76-9E73D7FD8CEE}.Debug|Any CPU.ActiveCfg = Debug|Any CPU
		{FACE3E42-45B9-475A-AC76-9E73D7FD8CEE}.Debug|Any CPU.Build.0 = Debug|Any CPU
		{FACE3E42-45B9-475A-AC76-9E73D7FD8CEE}.Release|Any CPU.ActiveCfg = Release|Any CPU
		{FACE3E42-45B9-475A-AC76-9E73D7FD8CEE}.Release|Any CPU.Build.0 = Release|Any CPU
		{3EC11920-211D-4F93-9276-E1287FF9AABA}.Debug|Any CPU.ActiveCfg = Debug|Any CPU
		{3EC11920-211D-4F93-9276-E1287FF9AABA}.Debug|Any CPU.Build.0 = Debug|Any CPU
		{3EC11920-211D-4F93-9276-E1287FF9AABA}.Release|Any CPU.ActiveCfg = Release|Any CPU
		{3EC11920-211D-4F93-9276-E1287FF9AABA}.Release|Any CPU.Build.0 = Release|Any CPU
	EndGlobalSection
	GlobalSection(SolutionProperties) = preSolution
		HideSolutionNode = FALSE
	EndGlobalSection
	GlobalSection(NestedProjects) = preSolution
		{31353222-73F3-4CAA-96AA-41085A47E9A3} = {EB2A6E13-37DE-4E91-A4F1-ABFA30994E11}
	EndGlobalSection
EndGlobal
